// !$*UTF8*$!
{
	archiveVersion = 1;
	classes = {
	};
	objectVersion = 46;
	objects = {

/* Begin PBXBuildFile section */
		388035321C6E688C002D956E /* AppDelegate.swift in Sources */ = {isa = PBXBuildFile; fileRef = 388035311C6E688C002D956E /* AppDelegate.swift */; };
		388035341C6E688C002D956E /* ViewController.swift in Sources */ = {isa = PBXBuildFile; fileRef = 388035331C6E688C002D956E /* ViewController.swift */; };
		388035371C6E688C002D956E /* Main.storyboard in Resources */ = {isa = PBXBuildFile; fileRef = 388035351C6E688C002D956E /* Main.storyboard */; };
		388035391C6E688C002D956E /* Assets.xcassets in Resources */ = {isa = PBXBuildFile; fileRef = 388035381C6E688C002D956E /* Assets.xcassets */; };
		3880353C1C6E688C002D956E /* LaunchScreen.storyboard in Resources */ = {isa = PBXBuildFile; fileRef = 3880353A1C6E688C002D956E /* LaunchScreen.storyboard */; };
		388035471C6E688C002D956E /* zipcoderTests.swift in Sources */ = {isa = PBXBuildFile; fileRef = 388035461C6E688C002D956E /* zipcoderTests.swift */; };
		388035521C6E688C002D956E /* zipcoderUITests.swift in Sources */ = {isa = PBXBuildFile; fileRef = 388035511C6E688C002D956E /* zipcoderUITests.swift */; };
/* End PBXBuildFile section */

/* Begin PBXContainerItemProxy section */
		388035431C6E688C002D956E /* PBXContainerItemProxy */ = {
			isa = PBXContainerItemProxy;
			containerPortal = 388035261C6E688C002D956E /* Project object */;
			proxyType = 1;
			remoteGlobalIDString = 3880352D1C6E688C002D956E;
			remoteInfo = zipcoder;
		};
		3880354E1C6E688C002D956E /* PBXContainerItemProxy */ = {
			isa = PBXContainerItemProxy;
			containerPortal = 388035261C6E688C002D956E /* Project object */;
			proxyType = 1;
			remoteGlobalIDString = 3880352D1C6E688C002D956E;
			remoteInfo = zipcoder;
		};
/* End PBXContainerItemProxy section */

/* Begin PBXFileReference section */
		3880352E1C6E688C002D956E /* zipcoder.app */ = {isa = PBXFileReference; explicitFileType = wrapper.application; includeInIndex = 0; path = zipcoder.app; sourceTree = BUILT_PRODUCTS_DIR; };
		388035311C6E688C002D956E /* AppDelegate.swift */ = {isa = PBXFileReference; lastKnownFileType = sourcecode.swift; path = AppDelegate.swift; sourceTree = "<group>"; };
		388035331C6E688C002D956E /* ViewController.swift */ = {isa = PBXFileReference; lastKnownFileType = sourcecode.swift; path = ViewController.swift; sourceTree = "<group>"; };
		388035361C6E688C002D956E /* Base */ = {isa = PBXFileReference; lastKnownFileType = file.storyboard; name = Base; path = Base.lproj/Main.storyboard; sourceTree = "<group>"; };
		388035381C6E688C002D956E /* Assets.xcassets */ = {isa = PBXFileReference; lastKnownFileType = folder.assetcatalog; path = Assets.xcassets; sourceTree = "<group>"; };
		3880353B1C6E688C002D956E /* Base */ = {isa = PBXFileReference; lastKnownFileType = file.storyboard; name = Base; path = Base.lproj/LaunchScreen.storyboard; sourceTree = "<group>"; };
		3880353D1C6E688C002D956E /* Info.plist */ = {isa = PBXFileReference; lastKnownFileType = text.plist.xml; path = Info.plist; sourceTree = "<group>"; };
		388035421C6E688C002D956E /* zipcoderTests.xctest */ = {isa = PBXFileReference; explicitFileType = wrapper.cfbundle; includeInIndex = 0; path = zipcoderTests.xctest; sourceTree = BUILT_PRODUCTS_DIR; };
		388035461C6E688C002D956E /* zipcoderTests.swift */ = {isa = PBXFileReference; lastKnownFileType = sourcecode.swift; path = zipcoderTests.swift; sourceTree = "<group>"; };
		388035481C6E688C002D956E /* Info.plist */ = {isa = PBXFileReference; lastKnownFileType = text.plist.xml; path = Info.plist; sourceTree = "<group>"; };
		3880354D1C6E688C002D956E /* zipcoderUITests.xctest */ = {isa = PBXFileReference; explicitFileType = wrapper.cfbundle; includeInIndex = 0; path = zipcoderUITests.xctest; sourceTree = BUILT_PRODUCTS_DIR; };
		388035511C6E688C002D956E /* zipcoderUITests.swift */ = {isa = PBXFileReference; lastKnownFileType = sourcecode.swift; path = zipcoderUITests.swift; sourceTree = "<group>"; };
		388035531C6E688C002D956E /* Info.plist */ = {isa = PBXFileReference; lastKnownFileType = text.plist.xml; path = Info.plist; sourceTree = "<group>"; };
/* End PBXFileReference section */

/* Begin PBXFrameworksBuildPhase section */
		3880352B1C6E688C002D956E /* Frameworks */ = {
			isa = PBXFrameworksBuildPhase;
			buildActionMask = 2147483647;
			files = (
			);
			runOnlyForDeploymentPostprocessing = 0;
		};
		3880353F1C6E688C002D956E /* Frameworks */ = {
			isa = PBXFrameworksBuildPhase;
			buildActionMask = 2147483647;
			files = (
			);
			runOnlyForDeploymentPostprocessing = 0;
		};
		3880354A1C6E688C002D956E /* Frameworks */ = {
			isa = PBXFrameworksBuildPhase;
			buildActionMask = 2147483647;
			files = (
			);
			runOnlyForDeploymentPostprocessing = 0;
		};
/* End PBXFrameworksBuildPhase section */

/* Begin PBXGroup section */
		388035251C6E688C002D956E = {
			isa = PBXGroup;
			children = (
				388035301C6E688C002D956E /* zipcoder */,
				388035451C6E688C002D956E /* zipcoderTests */,
				388035501C6E688C002D956E /* zipcoderUITests */,
				3880352F1C6E688C002D956E /* Products */,
			);
			sourceTree = "<group>";
		};
		3880352F1C6E688C002D956E /* Products */ = {
			isa = PBXGroup;
			children = (
				3880352E1C6E688C002D956E /* zipcoder.app */,
				388035421C6E688C002D956E /* zipcoderTests.xctest */,
				3880354D1C6E688C002D956E /* zipcoderUITests.xctest */,
			);
			name = Products;
			sourceTree = "<group>";
		};
		388035301C6E688C002D956E /* zipcoder */ = {
			isa = PBXGroup;
			children = (
				388035311C6E688C002D956E /* AppDelegate.swift */,
				388035331C6E688C002D956E /* ViewController.swift */,
				388035351C6E688C002D956E /* Main.storyboard */,
				388035381C6E688C002D956E /* Assets.xcassets */,
				3880353A1C6E688C002D956E /* LaunchScreen.storyboard */,
				3880353D1C6E688C002D956E /* Info.plist */,
			);
			path = zipcoder;
			sourceTree = "<group>";
		};
		388035451C6E688C002D956E /* zipcoderTests */ = {
			isa = PBXGroup;
			children = (
				388035461C6E688C002D956E /* zipcoderTests.swift */,
				388035481C6E688C002D956E /* Info.plist */,
			);
			path = zipcoderTests;
			sourceTree = "<group>";
		};
		388035501C6E688C002D956E /* zipcoderUITests */ = {
			isa = PBXGroup;
			children = (
				388035511C6E688C002D956E /* zipcoderUITests.swift */,
				388035531C6E688C002D956E /* Info.plist */,
			);
			path = zipcoderUITests;
			sourceTree = "<group>";
		};
/* End PBXGroup section */

/* Begin PBXNativeTarget section */
		3880352D1C6E688C002D956E /* zipcoder */ = {
			isa = PBXNativeTarget;
			buildConfigurationList = 388035561C6E688C002D956E /* Build configuration list for PBXNativeTarget "zipcoder" */;
			buildPhases = (
				3880352A1C6E688C002D956E /* Sources */,
				3880352B1C6E688C002D956E /* Frameworks */,
				3880352C1C6E688C002D956E /* Resources */,
			);
			buildRules = (
			);
			dependencies = (
			);
			name = zipcoder;
			productName = zipcoder;
			productReference = 3880352E1C6E688C002D956E /* zipcoder.app */;
			productType = "com.apple.product-type.application";
		};
		388035411C6E688C002D956E /* zipcoderTests */ = {
			isa = PBXNativeTarget;
			buildConfigurationList = 388035591C6E688C002D956E /* Build configuration list for PBXNativeTarget "zipcoderTests" */;
			buildPhases = (
				3880353E1C6E688C002D956E /* Sources */,
				3880353F1C6E688C002D956E /* Frameworks */,
				388035401C6E688C002D956E /* Resources */,
			);
			buildRules = (
			);
			dependencies = (
				388035441C6E688C002D956E /* PBXTargetDependency */,
			);
			name = zipcoderTests;
			productName = zipcoderTests;
			productReference = 388035421C6E688C002D956E /* zipcoderTests.xctest */;
			productType = "com.apple.product-type.bundle.unit-test";
		};
		3880354C1C6E688C002D956E /* zipcoderUITests */ = {
			isa = PBXNativeTarget;
			buildConfigurationList = 3880355C1C6E688C002D956E /* Build configuration list for PBXNativeTarget "zipcoderUITests" */;
			buildPhases = (
				388035491C6E688C002D956E /* Sources */,
				3880354A1C6E688C002D956E /* Frameworks */,
				3880354B1C6E688C002D956E /* Resources */,
			);
			buildRules = (
			);
			dependencies = (
				3880354F1C6E688C002D956E /* PBXTargetDependency */,
			);
			name = zipcoderUITests;
			productName = zipcoderUITests;
			productReference = 3880354D1C6E688C002D956E /* zipcoderUITests.xctest */;
			productType = "com.apple.product-type.bundle.ui-testing";
		};
/* End PBXNativeTarget section */

/* Begin PBXProject section */
		388035261C6E688C002D956E /* Project object */ = {
			isa = PBXProject;
			attributes = {
				LastSwiftUpdateCheck = 0720;
				LastUpgradeCheck = 0720;
				ORGANIZATIONNAME = sahilgarg.in;
				TargetAttributes = {
					3880352D1C6E688C002D956E = {
						CreatedOnToolsVersion = 7.2.1;
					};
					388035411C6E688C002D956E = {
						CreatedOnToolsVersion = 7.2.1;
						TestTargetID = 3880352D1C6E688C002D956E;
					};
					3880354C1C6E688C002D956E = {
						CreatedOnToolsVersion = 7.2.1;
						TestTargetID = 3880352D1C6E688C002D956E;
					};
				};
			};
			buildConfigurationList = 388035291C6E688C002D956E /* Build configuration list for PBXProject "zipcoder" */;
			compatibilityVersion = "Xcode 3.2";
			developmentRegion = English;
			hasScannedForEncodings = 0;
			knownRegions = (
				en,
				Base,
			);
			mainGroup = 388035251C6E688C002D956E;
			productRefGroup = 3880352F1C6E688C002D956E /* Products */;
			projectDirPath = "";
			projectRoot = "";
			targets = (
				3880352D1C6E688C002D956E /* zipcoder */,
				388035411C6E688C002D956E /* zipcoderTests */,
				3880354C1C6E688C002D956E /* zipcoderUITests */,
			);
		};
/* End PBXProject section */

/* Begin PBXResourcesBuildPhase section */
		3880352C1C6E688C002D956E /* Resources */ = {
			isa = PBXResourcesBuildPhase;
			buildActionMask = 2147483647;
			files = (
				3880353C1C6E688C002D956E /* LaunchScreen.storyboard in Resources */,
				388035391C6E688C002D956E /* Assets.xcassets in Resources */,
				388035371C6E688C002D956E /* Main.storyboard in Resources */,
			);
			runOnlyForDeploymentPostprocessing = 0;
		};
		388035401C6E688C002D956E /* Resources */ = {
			isa = PBXResourcesBuildPhase;
			buildActionMask = 2147483647;
			files = (
			);
			runOnlyForDeploymentPostprocessing = 0;
		};
		3880354B1C6E688C002D956E /* Resources */ = {
			isa = PBXResourcesBuildPhase;
			buildActionMask = 2147483647;
			files = (
			);
			runOnlyForDeploymentPostprocessing = 0;
		};
/* End PBXResourcesBuildPhase section */

/* Begin PBXSourcesBuildPhase section */
		3880352A1C6E688C002D956E /* Sources */ = {
			isa = PBXSourcesBuildPhase;
			buildActionMask = 2147483647;
			files = (
				388035341C6E688C002D956E /* ViewController.swift in Sources */,
				388035321C6E688C002D956E /* AppDelegate.swift in Sources */,
			);
			runOnlyForDeploymentPostprocessing = 0;
		};
		3880353E1C6E688C002D956E /* Sources */ = {
			isa = PBXSourcesBuildPhase;
			buildActionMask = 2147483647;
			files = (
				388035471C6E688C002D956E /* zipcoderTests.swift in Sources */,
			);
			runOnlyForDeploymentPostprocessing = 0;
		};
		388035491C6E688C002D956E /* Sources */ = {
			isa = PBXSourcesBuildPhase;
			buildActionMask = 2147483647;
			files = (
				388035521C6E688C002D956E /* zipcoderUITests.swift in Sources */,
			);
			runOnlyForDeploymentPostprocessing = 0;
		};
/* End PBXSourcesBuildPhase section */

/* Begin PBXTargetDependency section */
		388035441C6E688C002D956E /* PBXTargetDependency */ = {
			isa = PBXTargetDependency;
			target = 3880352D1C6E688C002D956E /* zipcoder */;
			targetProxy = 388035431C6E688C002D956E /* PBXContainerItemProxy */;
		};
		3880354F1C6E688C002D956E /* PBXTargetDependency */ = {
			isa = PBXTargetDependency;
			target = 3880352D1C6E688C002D956E /* zipcoder */;
			targetProxy = 3880354E1C6E688C002D956E /* PBXContainerItemProxy */;
		};
/* End PBXTargetDependency section */

/* Begin PBXVariantGroup section */
		388035351C6E688C002D956E /* Main.storyboard */ = {
			isa = PBXVariantGroup;
			children = (
				388035361C6E688C002D956E /* Base */,
			);
			name = Main.storyboard;
			sourceTree = "<group>";
		};
		3880353A1C6E688C002D956E /* LaunchScreen.storyboard */ = {
			isa = PBXVariantGroup;
			children = (
				3880353B1C6E688C002D956E /* Base */,
			);
			name = LaunchScreen.storyboard;
			sourceTree = "<group>";
		};
/* End PBXVariantGroup section */

/* Begin XCBuildConfiguration section */
		388035541C6E688C002D956E /* Debug */ = {
			isa = XCBuildConfiguration;
			buildSettings = {
				ALWAYS_SEARCH_USER_PATHS = NO;
				CLANG_CXX_LANGUAGE_STANDARD = "gnu++0x";
				CLANG_CXX_LIBRARY = "libc++";
				CLANG_ENABLE_MODULES = YES;
				CLANG_ENABLE_OBJC_ARC = YES;
				CLANG_WARN_BOOL_CONVERSION = YES;
				CLANG_WARN_CONSTANT_CONVERSION = YES;
				CLANG_WARN_DIRECT_OBJC_ISA_USAGE = YES_ERROR;
				CLANG_WARN_EMPTY_BODY = YES;
				CLANG_WARN_ENUM_CONVERSION = YES;
				CLANG_WARN_INT_CONVERSION = YES;
				CLANG_WARN_OBJC_ROOT_CLASS = YES_ERROR;
				CLANG_WARN_UNREACHABLE_CODE = YES;
				CLANG_WARN__DUPLICATE_METHOD_MATCH = YES;
				"CODE_SIGN_IDENTITY[sdk=iphoneos*]" = "iPhone Developer";
				COPY_PHASE_STRIP = NO;
				DEBUG_INFORMATION_FORMAT = dwarf;
				ENABLE_STRICT_OBJC_MSGSEND = YES;
				ENABLE_TESTABILITY = YES;
				GCC_C_LANGUAGE_STANDARD = gnu99;
				GCC_DYNAMIC_NO_PIC = NO;
				GCC_NO_COMMON_BLOCKS = YES;
				GCC_OPTIMIZATION_LEVEL = 0;
				GCC_PREPROCESSOR_DEFINITIONS = (
					"DEBUG=1",
					"$(inherited)",
				);
				GCC_WARN_64_TO_32_BIT_CONVERSION = YES;
				GCC_WARN_ABOUT_RETURN_TYPE = YES_ERROR;
				GCC_WARN_UNDECLARED_SELECTOR = YES;
				GCC_WARN_UNINITIALIZED_AUTOS = YES_AGGRESSIVE;
				GCC_WARN_UNUSED_FUNCTION = YES;
				GCC_WARN_UNUSED_VARIABLE = YES;
				IPHONEOS_DEPLOYMENT_TARGET = 9.2;
				MTL_ENABLE_DEBUG_INFO = YES;
				ONLY_ACTIVE_ARCH = YES;
				SDKROOT = iphoneos;
				SWIFT_OPTIMIZATION_LEVEL = "-Onone";
			};
			name = Debug;
		};
		388035551C6E688C002D956E /* Release */ = {
			isa = XCBuildConfiguration;
			buildSettings = {
				ALWAYS_SEARCH_USER_PATHS = NO;
				CLANG_CXX_LANGUAGE_STANDARD = "gnu++0x";
				CLANG_CXX_LIBRARY = "libc++";
				CLANG_ENABLE_MODULES = YES;
				CLANG_ENABLE_OBJC_ARC = YES;
				CLANG_WARN_BOOL_CONVERSION = YES;
				CLANG_WARN_CONSTANT_CONVERSION = YES;
				CLANG_WARN_DIRECT_OBJC_ISA_USAGE = YES_ERROR;
				CLANG_WARN_EMPTY_BODY = YES;
				CLANG_WARN_ENUM_CONVERSION = YES;
				CLANG_WARN_INT_CONVERSION = YES;
				CLANG_WARN_OBJC_ROOT_CLASS = YES_ERROR;
				CLANG_WARN_UNREACHABLE_CODE = YES;
				CLANG_WARN__DUPLICATE_METHOD_MATCH = YES;
				"CODE_SIGN_IDENTITY[sdk=iphoneos*]" = "iPhone Developer";
				COPY_PHASE_STRIP = NO;
				DEBUG_INFORMATION_FORMAT = "dwarf-with-dsym";
				ENABLE_NS_ASSERTIONS = NO;
				ENABLE_STRICT_OBJC_MSGSEND = YES;
				GCC_C_LANGUAGE_STANDARD = gnu99;
				GCC_NO_COMMON_BLOCKS = YES;
				GCC_WARN_64_TO_32_BIT_CONVERSION = YES;
				GCC_WARN_ABOUT_RETURN_TYPE = YES_ERROR;
				GCC_WARN_UNDECLARED_SELECTOR = YES;
				GCC_WARN_UNINITIALIZED_AUTOS = YES_AGGRESSIVE;
				GCC_WARN_UNUSED_FUNCTION = YES;
				GCC_WARN_UNUSED_VARIABLE = YES;
				IPHONEOS_DEPLOYMENT_TARGET = 9.2;
				MTL_ENABLE_DEBUG_INFO = NO;
				SDKROOT = iphoneos;
				VALIDATE_PRODUCT = YES;
			};
			name = Release;
		};
		388035571C6E688C002D956E /* Debug */ = {
			isa = XCBuildConfiguration;
			buildSettings = {
				ASSETCATALOG_COMPILER_APPICON_NAME = AppIcon;
				INFOPLIST_FILE = zipcoder/Info.plist;
				LD_RUNPATH_SEARCH_PATHS = "$(inherited) @executable_path/Frameworks";
				PRODUCT_BUNDLE_IDENTIFIER = in.sahilgarg.zipcoder;
				PRODUCT_NAME = "$(TARGET_NAME)";
			};
			name = Debug;
		};
		388035581C6E688C002D956E /* Release */ = {
			isa = XCBuildConfiguration;
			buildSettings = {
				ASSETCATALOG_COMPILER_APPICON_NAME = AppIcon;
				INFOPLIST_FILE = zipcoder/Info.plist;
				LD_RUNPATH_SEARCH_PATHS = "$(inherited) @executable_path/Frameworks";
				PRODUCT_BUNDLE_IDENTIFIER = in.sahilgarg.zipcoder;
				PRODUCT_NAME = "$(TARGET_NAME)";
			};
			name = Release;
		};
		3880355A1C6E688C002D956E /* Debug */ = {
			isa = XCBuildConfiguration;
			buildSettings = {
				BUNDLE_LOADER = "$(TEST_HOST)";
				INFOPLIST_FILE = zipcoderTests/Info.plist;
				LD_RUNPATH_SEARCH_PATHS = "$(inherited) @executable_path/Frameworks @loader_path/Frameworks";
				PRODUCT_BUNDLE_IDENTIFIER = in.sahilgarg.zipcoderTests;
				PRODUCT_NAME = "$(TARGET_NAME)";
				TEST_HOST = "$(BUILT_PRODUCTS_DIR)/zipcoder.app/zipcoder";
			};
			name = Debug;
		};
		3880355B1C6E688C002D956E /* Release */ = {
			isa = XCBuildConfiguration;
			buildSettings = {
				BUNDLE_LOADER = "$(TEST_HOST)";
				INFOPLIST_FILE = zipcoderTests/Info.plist;
				LD_RUNPATH_SEARCH_PATHS = "$(inherited) @executable_path/Frameworks @loader_path/Frameworks";
				PRODUCT_BUNDLE_IDENTIFIER = in.sahilgarg.zipcoderTests;
				PRODUCT_NAME = "$(TARGET_NAME)";
				TEST_HOST = "$(BUILT_PRODUCTS_DIR)/zipcoder.app/zipcoder";
			};
			name = Release;
		};
		3880355D1C6E688C002D956E /* Debug */ = {
			isa = XCBuildConfiguration;
			buildSettings = {
				INFOPLIST_FILE = zipcoderUITests/Info.plist;
				LD_RUNPATH_SEARCH_PATHS = "$(inherited) @executable_path/Frameworks @loader_path/Frameworks";
				PRODUCT_BUNDLE_IDENTIFIER = in.sahilgarg.zipcoderUITests;
				PRODUCT_NAME = "$(TARGET_NAME)";
				TEST_TARGET_NAME = zipcoder;
				USES_XCTRUNNER = YES;
			};
			name = Debug;
		};
		3880355E1C6E688C002D956E /* Release */ = {
			isa = XCBuildConfiguration;
			buildSettings = {
				INFOPLIST_FILE = zipcoderUITests/Info.plist;
				LD_RUNPATH_SEARCH_PATHS = "$(inherited) @executable_path/Frameworks @loader_path/Frameworks";
				PRODUCT_BUNDLE_IDENTIFIER = in.sahilgarg.zipcoderUITests;
				PRODUCT_NAME = "$(TARGET_NAME)";
				TEST_TARGET_NAME = zipcoder;
				USES_XCTRUNNER = YES;
			};
			name = Release;
		};
/* End XCBuildConfiguration section */

/* Begin XCConfigurationList section */
		388035291C6E688C002D956E /* Build configuration list for PBXProject "zipcoder" */ = {
			isa = XCConfigurationList;
			buildConfigurations = (
				388035541C6E688C002D956E /* Debug */,
				388035551C6E688C002D956E /* Release */,
			);
			defaultConfigurationIsVisible = 0;
			defaultConfigurationName = Release;
		};
		388035561C6E688C002D956E /* Build configuration list for PBXNativeTarget "zipcoder" */ = {
			isa = XCConfigurationList;
			buildConfigurations = (
				388035571C6E688C002D956E /* Debug */,
				388035581C6E688C002D956E /* Release */,
			);
			defaultConfigurationIsVisible = 0;
		};
		388035591C6E688C002D956E /* Build configuration list for PBXNativeTarget "zipcoderTests" */ = {
			isa = XCConfigurationList;
			buildConfigurations = (
				3880355A1C6E688C002D956E /* Debug */,
				3880355B1C6E688C002D956E /* Release */,
			);
			defaultConfigurationIsVisible = 0;
		};
		3880355C1C6E688C002D956E /* Build configuration list for PBXNativeTarget "zipcoderUITests" */ = {
			isa = XCConfigurationList;
			buildConfigurations = (
				3880355D1C6E688C002D956E /* Debug */,
				3880355E1C6E688C002D956E /* Release */,
			);
			defaultConfigurationIsVisible = 0;
		};
/* End XCConfigurationList section */
	};
	rootObject = 388035261C6E688C002D956E /* Project object */;
}
